
Microsoft Visual Studio Solution File, Format Version 12.00
Project("{FAE04EC0-301F-11D3-BF4B-00C04F79EFBC}") = "Safi Ullah Tanveer 4873 BMS V3", "Safi Ullah Tanveer 4873 BMS V3\Safi Ullah Tanveer 4873 BMS V3.csproj", "{1EA99592-CE8D-4B9D-8699-F2C7D9E4DA16}"
EndProject
Global
	GlobalSection(SolutionConfigurationPlatforms) = preSolution
		Debug|Any CPU = Debug|Any CPU
		Release|Any CPU = Release|Any CPU
	EndGlobalSection
	GlobalSection(ProjectConfigurationPlatforms) = postSolution
		{1EA99592-CE8D-4B9D-8699-F2C7D9E4DA16}.Debug|Any CPU.ActiveCfg = Debug|Any CPU
		{1EA99592-CE8D-4B9D-8699-F2C7D9E4DA16}.Debug|Any CPU.Build.0 = Debug|Any CPU
		{1EA99592-CE8D-4B9D-8699-F2C7D9E4DA16}.Release|Any CPU.ActiveCfg = Release|Any CPU
		{1EA99592-CE8D-4B9D-8699-F2C7D9E4DA16}.Release|Any CPU.Build.0 = Release|Any CPU
	EndGlobalSection
EndGlobal
